
Microsoft Visual Studio Solution File, Format Version 12.00
# Visual Studio Version 16
VisualStudioVersion = 16.0.29306.81
MinimumVisualStudioVersion = 10.0.40219.1
Project("{FAE04EC0-301F-11D3-BF4B-00C04F79EFBC}") = "WindowsService.MultiThread", "WindowsService.MultiThread.csproj", "{2BBD35C4-1BF0-4048-9E0E-B46DCDB585EA}"
EndProject
Global
	GlobalSection(SolutionConfigurationPlatforms) = preSolution
		Debug|Any CPU = Debug|Any CPU
		Release|Any CPU = Release|Any CPU
	EndGlobalSection
	GlobalSection(ProjectConfigurationPlatforms) = postSolution
		{2BBD35C4-1BF0-4048-9E0E-B46DCDB585EA}.Debug|Any CPU.ActiveCfg = Debug|Any CPU
		{2BBD35C4-1BF0-4048-9E0E-B46DCDB585EA}.Debug|Any CPU.Build.0 = Debug|Any CPU
		{2BBD35C4-1BF0-4048-9E0E-B46DCDB585EA}.Release|Any CPU.ActiveCfg = Release|Any CPU
		{2BBD35C4-1BF0-4048-9E0E-B46DCDB585EA}.Release|Any CPU.Build.0 = Release|Any CPU
	EndGlobalSection
	GlobalSection(SolutionProperties) = preSolution
		HideSolutionNode = FALSE
	EndGlobalSection
	GlobalSection(ExtensibilityGlobals) = postSolution
		SolutionGuid = {D02309A3-CEBF-4F6A-991B-DB90DEC5D7CB}
	EndGlobalSection
EndGlobal
